
Microsoft Visual Studio Solution File, Format Version 12.00
# Visual Studio 2012
Project("{F184B08F-C81C-45F6-A57F-5ABD9991F28F}") = "GUI", "GUI\GUI.vbproj", "{8B9095E8-ED70-4ECB-A3FE-477815930951}"
EndProject
Project("{F184B08F-C81C-45F6-A57F-5ABD9991F28F}") = "DAL", "DAL\DAL.vbproj", "{A4811316-28FE-4AF0-82A1-4351FA9B9948}"
EndProject
Project("{F184B08F-C81C-45F6-A57F-5ABD9991F28F}") = "Seguridad", "Seguridad\Seguridad.vbproj", "{22EA8E2F-55AE-4EEA-A7DC-13C0172A3259}"
EndProject
Project("{F184B08F-C81C-45F6-A57F-5ABD9991F28F}") = "BLL", "BLL\BLL.vbproj", "{536A73BA-5DC6-4C0F-B448-8825C6625189}"
EndProject
Project("{F184B08F-C81C-45F6-A57F-5ABD9991F28F}") = "Estructura", "Estructura\Estructura.vbproj", "{B454BB18-5681-4B45-98F0-FF56E1D57756}"
EndProject
Project("{F184B08F-C81C-45F6-A57F-5ABD9991F28F}") = "Servicios DAL", "Servicios DAL\Servicios DAL.vbproj", "{F1A51846-E53C-4CEC-96B9-D2E61C41BAA8}"
EndProject
Project("{6141683F-8A12-4E36-9623-2EB02B2C2303}") = "Setup", "Setup\Setup.isproj", "{57B86CF3-8DDB-44E7-A2CE-821E6DAD0858}"
	ProjectSection(ProjectDependencies) = postProject
		{A4811316-28FE-4AF0-82A1-4351FA9B9948} = {A4811316-28FE-4AF0-82A1-4351FA9B9948}
		{B454BB18-5681-4B45-98F0-FF56E1D57756} = {B454BB18-5681-4B45-98F0-FF56E1D57756}
		{22EA8E2F-55AE-4EEA-A7DC-13C0172A3259} = {22EA8E2F-55AE-4EEA-A7DC-13C0172A3259}
		{F1A51846-E53C-4CEC-96B9-D2E61C41BAA8} = {F1A51846-E53C-4CEC-96B9-D2E61C41BAA8}
		{536A73BA-5DC6-4C0F-B448-8825C6625189} = {536A73BA-5DC6-4C0F-B448-8825C6625189}
		{8B9095E8-ED70-4ECB-A3FE-477815930951} = {8B9095E8-ED70-4ECB-A3FE-477815930951}
	EndProjectSection
EndProject
Global
	GlobalSection(SolutionConfigurationPlatforms) = preSolution
		CD_ROM|Any CPU = CD_ROM|Any CPU
		Debug|Any CPU = Debug|Any CPU
		DVD-5|Any CPU = DVD-5|Any CPU
		Release|Any CPU = Release|Any CPU
		SingleImage|Any CPU = SingleImage|Any CPU
	EndGlobalSection
	GlobalSection(ProjectConfigurationPlatforms) = postSolution
		{8B9095E8-ED70-4ECB-A3FE-477815930951}.CD_ROM|Any CPU.ActiveCfg = Release|Any CPU
		{8B9095E8-ED70-4ECB-A3FE-477815930951}.CD_ROM|Any CPU.Build.0 = Release|Any CPU
		{8B9095E8-ED70-4ECB-A3FE-477815930951}.Debug|Any CPU.ActiveCfg = Debug|Any CPU
		{8B9095E8-ED70-4ECB-A3FE-477815930951}.Debug|Any CPU.Build.0 = Debug|Any CPU
		{8B9095E8-ED70-4ECB-A3FE-477815930951}.DVD-5|Any CPU.ActiveCfg = Debug|Any CPU
		{8B9095E8-ED70-4ECB-A3FE-477815930951}.DVD-5|Any CPU.Build.0 = Debug|Any CPU
		{8B9095E8-ED70-4ECB-A3FE-477815930951}.Release|Any CPU.ActiveCfg = Release|Any CPU
		{8B9095E8-ED70-4ECB-A3FE-477815930951}.Release|Any CPU.Build.0 = Release|Any CPU
		{8B9095E8-ED70-4ECB-A3FE-477815930951}.SingleImage|Any CPU.ActiveCfg = Release|Any CPU
		{8B9095E8-ED70-4ECB-A3FE-477815930951}.SingleImage|Any CPU.Build.0 = Release|Any CPU
		{A4811316-28FE-4AF0-82A1-4351FA9B9948}.CD_ROM|Any CPU.ActiveCfg = Release|Any CPU
		{A4811316-28FE-4AF0-82A1-4351FA9B9948}.CD_ROM|Any CPU.Build.0 = Release|Any CPU
		{A4811316-28FE-4AF0-82A1-4351FA9B9948}.Debug|Any CPU.ActiveCfg = Debug|Any CPU
		{A4811316-28FE-4AF0-82A1-4351FA9B9948}.Debug|Any CPU.Build.0 = Debug|Any CPU
		{A4811316-28FE-4AF0-82A1-4351FA9B9948}.DVD-5|Any CPU.ActiveCfg = Debug|Any CPU
		{A4811316-28FE-4AF0-82A1-4351FA9B9948}.DVD-5|Any CPU.Build.0 = Debug|Any CPU
		{A4811316-28FE-4AF0-82A1-4351FA9B9948}.Release|Any CPU.ActiveCfg = Release|Any CPU
		{A4811316-28FE-4AF0-82A1-4351FA9B9948}.Release|Any CPU.Build.0 = Release|Any CPU
		{A4811316-28FE-4AF0-82A1-4351FA9B9948}.SingleImage|Any CPU.ActiveCfg = Release|Any CPU
		{A4811316-28FE-4AF0-82A1-4351FA9B9948}.SingleImage|Any CPU.Build.0 = Release|Any CPU
		{22EA8E2F-55AE-4EEA-A7DC-13C0172A3259}.CD_ROM|Any CPU.ActiveCfg = Release|Any CPU
		{22EA8E2F-55AE-4EEA-A7DC-13C0172A3259}.CD_ROM|Any CPU.Build.0 = Release|Any CPU
		{22EA8E2F-55AE-4EEA-A7DC-13C0172A3259}.Debug|Any CPU.ActiveCfg = Debug|Any CPU
		{22EA8E2F-55AE-4EEA-A7DC-13C0172A3259}.Debug|Any CPU.Build.0 = Debug|Any CPU
		{22EA8E2F-55AE-4EEA-A7DC-13C0172A3259}.DVD-5|Any CPU.ActiveCfg = Debug|Any CPU
		{22EA8E2F-55AE-4EEA-A7DC-13C0172A3259}.DVD-5|Any CPU.Build.0 = Debug|Any CPU
		{22EA8E2F-55AE-4EEA-A7DC-13C0172A3259}.Release|Any CPU.ActiveCfg = Release|Any CPU
		{22EA8E2F-55AE-4EEA-A7DC-13C0172A3259}.Release|Any CPU.Build.0 = Release|Any CPU
		{22EA8E2F-55AE-4EEA-A7DC-13C0172A3259}.SingleImage|Any CPU.ActiveCfg = Release|Any CPU
		{22EA8E2F-55AE-4EEA-A7DC-13C0172A3259}.SingleImage|Any CPU.Build.0 = Release|Any CPU
		{536A73BA-5DC6-4C0F-B448-8825C6625189}.CD_ROM|Any CPU.ActiveCfg = Release|Any CPU
		{536A73BA-5DC6-4C0F-B448-8825C6625189}.CD_ROM|Any CPU.Build.0 = Release|Any CPU
		{536A73BA-5DC6-4C0F-B448-8825C6625189}.Debug|Any CPU.ActiveCfg = Debug|Any CPU
		{536A73BA-5DC6-4C0F-B448-8825C6625189}.Debug|Any CPU.Build.0 = Debug|Any CPU
		{536A73BA-5DC6-4C0F-B448-8825C6625189}.DVD-5|Any CPU.ActiveCfg = Debug|Any CPU
		{536A73BA-5DC6-4C0F-B448-8825C6625189}.DVD-5|Any CPU.Build.0 = Debug|Any CPU
		{536A73BA-5DC6-4C0F-B448-8825C6625189}.Release|Any CPU.ActiveCfg = Release|Any CPU
		{536A73BA-5DC6-4C0F-B448-8825C6625189}.Release|Any CPU.Build.0 = Release|Any CPU
		{536A73BA-5DC6-4C0F-B448-8825C6625189}.SingleImage|Any CPU.ActiveCfg = Release|Any CPU
		{536A73BA-5DC6-4C0F-B448-8825C6625189}.SingleImage|Any CPU.Build.0 = Release|Any CPU
		{B454BB18-5681-4B45-98F0-FF56E1D57756}.CD_ROM|Any CPU.ActiveCfg = Release|Any CPU
		{B454BB18-5681-4B45-98F0-FF56E1D57756}.CD_ROM|Any CPU.Build.0 = Release|Any CPU
		{B454BB18-5681-4B45-98F0-FF56E1D57756}.Debug|Any CPU.ActiveCfg = Debug|Any CPU
		{B454BB18-5681-4B45-98F0-FF56E1D57756}.Debug|Any CPU.Build.0 = Debug|Any CPU
		{B454BB18-5681-4B45-98F0-FF56E1D57756}.DVD-5|Any CPU.ActiveCfg = Debug|Any CPU
		{B454BB18-5681-4B45-98F0-FF56E1D57756}.DVD-5|Any CPU.Build.0 = Debug|Any CPU
		{B454BB18-5681-4B45-98F0-FF56E1D57756}.Release|Any CPU.ActiveCfg = Release|Any CPU
		{B454BB18-5681-4B45-98F0-FF56E1D57756}.Release|Any CPU.Build.0 = Release|Any CPU
		{B454BB18-5681-4B45-98F0-FF56E1D57756}.SingleImage|Any CPU.ActiveCfg = Release|Any CPU
		{B454BB18-5681-4B45-98F0-FF56E1D57756}.SingleImage|Any CPU.Build.0 = Release|Any CPU
		{F1A51846-E53C-4CEC-96B9-D2E61C41BAA8}.CD_ROM|Any CPU.ActiveCfg = Release|Any CPU
		{F1A51846-E53C-4CEC-96B9-D2E61C41BAA8}.CD_ROM|Any CPU.Build.0 = Release|Any CPU
		{F1A51846-E53C-4CEC-96B9-D2E61C41BAA8}.Debug|Any CPU.ActiveCfg = Debug|Any CPU
		{F1A51846-E53C-4CEC-96B9-D2E61C41BAA8}.Debug|Any CPU.Build.0 = Debug|Any CPU
		{F1A51846-E53C-4CEC-96B9-D2E61C41BAA8}.DVD-5|Any CPU.ActiveCfg = Debug|Any CPU
		{F1A51846-E53C-4CEC-96B9-D2E61C41BAA8}.DVD-5|Any CPU.Build.0 = Debug|Any CPU
		{F1A51846-E53C-4CEC-96B9-D2E61C41BAA8}.Release|Any CPU.ActiveCfg = Release|Any CPU
		{F1A51846-E53C-4CEC-96B9-D2E61C41BAA8}.Release|Any CPU.Build.0 = Release|Any CPU
		{F1A51846-E53C-4CEC-96B9-D2E61C41BAA8}.SingleImage|Any CPU.ActiveCfg = Release|Any CPU
		{F1A51846-E53C-4CEC-96B9-D2E61C41BAA8}.SingleImage|Any CPU.Build.0 = Release|Any CPU
		{57B86CF3-8DDB-44E7-A2CE-821E6DAD0858}.CD_ROM|Any CPU.ActiveCfg = CD_ROM
		{57B86CF3-8DDB-44E7-A2CE-821E6DAD0858}.CD_ROM|Any CPU.Build.0 = CD_ROM
		{57B86CF3-8DDB-44E7-A2CE-821E6DAD0858}.Debug|Any CPU.ActiveCfg = DVD-5
		{57B86CF3-8DDB-44E7-A2CE-821E6DAD0858}.Debug|Any CPU.Build.0 = DVD-5
		{57B86CF3-8DDB-44E7-A2CE-821E6DAD0858}.DVD-5|Any CPU.ActiveCfg = DVD-5
		{57B86CF3-8DDB-44E7-A2CE-821E6DAD0858}.DVD-5|Any CPU.Build.0 = DVD-5
		{57B86CF3-8DDB-44E7-A2CE-821E6DAD0858}.Release|Any CPU.ActiveCfg = SingleImage
		{57B86CF3-8DDB-44E7-A2CE-821E6DAD0858}.Release|Any CPU.Build.0 = SingleImage
		{57B86CF3-8DDB-44E7-A2CE-821E6DAD0858}.SingleImage|Any CPU.ActiveCfg = SingleImage
		{57B86CF3-8DDB-44E7-A2CE-821E6DAD0858}.SingleImage|Any CPU.Build.0 = SingleImage
	EndGlobalSection
	GlobalSection(SolutionProperties) = preSolution
		HideSolutionNode = FALSE
	EndGlobalSection
EndGlobal
